
Microsoft Visual Studio Solution File, Format Version 12.00
# Visual Studio Version 16
VisualStudioVersion = 16.0.29230.47
MinimumVisualStudioVersion = 10.0.40219.1
Project("{8BC9CEB8-8B4A-11D0-8D11-00A0C91BC942}") = "fake3Dviewer", "fake3Dviewer\fake3Dviewer.vcxproj", "{0DCF1E1D-32FA-4D88-8D56-9F2E895D626A}"
EndProject
Global
	GlobalSection(SolutionConfigurationPlatforms) = preSolution
		Debug|x64 = Debug|x64
		Debug|x86 = Debug|x86
		Release|x64 = Release|x64
		Release|x86 = Release|x86
	EndGlobalSection
	GlobalSection(ProjectConfigurationPlatforms) = postSolution
		{0DCF1E1D-32FA-4D88-8D56-9F2E895D626A}.Debug|x64.ActiveCfg = Debug|x64
		{0DCF1E1D-32FA-4D88-8D56-9F2E895D626A}.Debug|x64.Build.0 = Debug|x64
		{0DCF1E1D-32FA-4D88-8D56-9F2E895D626A}.Debug|x86.ActiveCfg = Debug|Win32
		{0DCF1E1D-32FA-4D88-8D56-9F2E895D626A}.Debug|x86.Build.0 = Debug|Win32
		{0DCF1E1D-32FA-4D88-8D56-9F2E895D626A}.Release|x64.ActiveCfg = Release|x64
		{0DCF1E1D-32FA-4D88-8D56-9F2E895D626A}.Release|x64.Build.0 = Release|x64
		{0DCF1E1D-32FA-4D88-8D56-9F2E895D626A}.Release|x86.ActiveCfg = Release|Win32
		{0DCF1E1D-32FA-4D88-8D56-9F2E895D626A}.Release|x86.Build.0 = Release|Win32
	EndGlobalSection
	GlobalSection(SolutionProperties) = preSolution
		HideSolutionNode = FALSE
	EndGlobalSection
	GlobalSection(ExtensibilityGlobals) = postSolution
		SolutionGuid = {D40B2229-EB66-46F6-82F8-FAEF5C5914C0}
	EndGlobalSection
EndGlobal
